
Microsoft Visual Studio Solution File, Format Version 12.00
Project("{FAE04EC0-301F-11D3-BF4B-00C04F79EFBC}") = "Tokens", "Tokens\Tokens.csproj", "{A1B2C3D4-E5F6-4A7B-8C9D-0E1F2A3B4C5D}"
EndProject
Project("{FAE04EC0-301F-11D3-BF4B-00C04F79EFBC}") = "TokenDumpsCli", "TokenDumpsCli\TokenDumpsCli.csproj", "{99CDFEB5-7789-4CA8-A2E1-A2502AB613D3}"
EndProject
Project("{FAE04EC0-301F-11D3-BF4B-00C04F79EFBC}") = "TokenDumpsCli.Tests", "TokenDumpsCli.Tests\TokenDumpsCli.Tests.csproj", "{7A08AE2F-047F-4306-9B44-168F2A826F0C}"
EndProject
Project("{FAE04EC0-301F-11D3-BF4B-00C04F79EFBC}") = "Pm3UsbApi", "Pm3UsbApi\Pm3UsbApi.csproj", "{1182F160-EFFB-4445-8635-2AB52632D09B}"
EndProject
Project("{FAE04EC0-301F-11D3-BF4B-00C04F79EFBC}") = "Pm3Cli", "Pm3Cli\Pm3Cli.csproj", "{D4332D7A-43A8-47C4-87F8-D03A4910F325}"
EndProject
Project("{FAE04EC0-301F-11D3-BF4B-00C04F79EFBC}") = "Tokens.Tests", "Tokens.Tests\Tokens.Tests.csproj", "{B2C3D4E5-F6A7-4B8C-9D0E-1F2A3B4C5D6E}"
EndProject
Project("{FAE04EC0-301F-11D3-BF4B-00C04F79EFBC}") = "Pm3CommandGenCli", "Pm3CommandGenCli\Pm3CommandGenCli.csproj", "{CEFDBDB2-ACEA-41FA-AE20-563DABFD71A5}"
EndProject
Project("{FAE04EC0-301F-11D3-BF4B-00C04F79EFBC}") = "Pm3SmokeTest", "Pm3SmokeTest\Pm3SmokeTest.csproj", "{A2B3C4D5-F6E7-4B8C-9D0E-2F3A4B5C6D7E}"
EndProject
Project("{FAE04EC0-301F-11D3-BF4B-00C04F79EFBC}") = "Pm3UsbApi.Tests", "Pm3UsbApi.Tests\Pm3UsbApi.Tests.csproj", "{B3C4D5E6-F7A8-4B9C-0D1E-3F4A5B6C7D8E}"
EndProject
Project("{FAE04EC0-301F-11D3-BF4B-00C04F79EFBC}") = "RidesCli", "RidesCli\RidesCli.csproj", "{02194F72-2B74-401D-ACEC-1FAD48EE93E8}"
EndProject
Project("{FAE04EC0-301F-11D3-BF4B-00C04F79EFBC}") = "RidesCli.Tests", "RidesCli.Tests\RidesCli.Tests.csproj", "{D1E2F3A4-B5C6-4D7E-8F9A-0B1C2D3E4F5A}"
EndProject
Project("{FAE04EC0-301F-11D3-BF4B-00C04F79EFBC}") = "RideCaptureCli", "RideCaptureCli\RideCaptureCli.csproj", "{5FEDB903-169F-43DE-98E3-0FFC63A7D9AF}"
EndProject
Project("{FAE04EC0-301F-11D3-BF4B-00C04F79EFBC}") = "RideCaptureCli.Tests", "RideCaptureCli.Tests\RideCaptureCli.Tests.csproj", "{A61FCC17-CA0E-4414-AE4B-002F90F7F184}"
EndProject
Project("{2150E333-8FDC-42A3-9474-1A3956D46DE8}") = "debug", "debug", "{FF849AB8-1A80-3BF4-B6E8-CC61916D18DE}"
EndProject
Project("{FAE04EC0-301F-11D3-BF4B-00C04F79EFBC}") = "NativeT55Probe", "debug\NativeT55Probe\NativeT55Probe.csproj", "{6C974535-ACED-4755-AEA6-50014645F928}"
EndProject
Global
	GlobalSection(SolutionConfigurationPlatforms) = preSolution
		Debug|Any CPU = Debug|Any CPU
		Debug|x64 = Debug|x64
		Debug|x86 = Debug|x86
		Release|Any CPU = Release|Any CPU
		Release|x64 = Release|x64
		Release|x86 = Release|x86
	EndGlobalSection
	GlobalSection(ProjectConfigurationPlatforms) = postSolution
		{A1B2C3D4-E5F6-4A7B-8C9D-0E1F2A3B4C5D}.Debug|Any CPU.ActiveCfg = Debug|Any CPU
		{A1B2C3D4-E5F6-4A7B-8C9D-0E1F2A3B4C5D}.Debug|Any CPU.Build.0 = Debug|Any CPU
		{A1B2C3D4-E5F6-4A7B-8C9D-0E1F2A3B4C5D}.Debug|x64.ActiveCfg = Debug|Any CPU
		{A1B2C3D4-E5F6-4A7B-8C9D-0E1F2A3B4C5D}.Debug|x64.Build.0 = Debug|Any CPU
		{A1B2C3D4-E5F6-4A7B-8C9D-0E1F2A3B4C5D}.Debug|x86.ActiveCfg = Debug|Any CPU
		{A1B2C3D4-E5F6-4A7B-8C9D-0E1F2A3B4C5D}.Debug|x86.Build.0 = Debug|Any CPU
		{A1B2C3D4-E5F6-4A7B-8C9D-0E1F2A3B4C5D}.Release|Any CPU.ActiveCfg = Release|Any CPU
		{A1B2C3D4-E5F6-4A7B-8C9D-0E1F2A3B4C5D}.Release|Any CPU.Build.0 = Release|Any CPU
		{A1B2C3D4-E5F6-4A7B-8C9D-0E1F2A3B4C5D}.Release|x64.ActiveCfg = Release|Any CPU
		{A1B2C3D4-E5F6-4A7B-8C9D-0E1F2A3B4C5D}.Release|x64.Build.0 = Release|Any CPU
		{A1B2C3D4-E5F6-4A7B-8C9D-0E1F2A3B4C5D}.Release|x86.ActiveCfg = Release|Any CPU
		{A1B2C3D4-E5F6-4A7B-8C9D-0E1F2A3B4C5D}.Release|x86.Build.0 = Release|Any CPU
		{99CDFEB5-7789-4CA8-A2E1-A2502AB613D3}.Debug|Any CPU.ActiveCfg = Debug|Any CPU
		{99CDFEB5-7789-4CA8-A2E1-A2502AB613D3}.Debug|Any CPU.Build.0 = Debug|Any CPU
		{99CDFEB5-7789-4CA8-A2E1-A2502AB613D3}.Debug|x64.ActiveCfg = Debug|Any CPU
		{99CDFEB5-7789-4CA8-A2E1-A2502AB613D3}.Debug|x64.Build.0 = Debug|Any CPU
		{99CDFEB5-7789-4CA8-A2E1-A2502AB613D3}.Debug|x86.ActiveCfg = Debug|Any CPU
		{99CDFEB5-7789-4CA8-A2E1-A2502AB613D3}.Debug|x86.Build.0 = Debug|Any CPU
		{99CDFEB5-7789-4CA8-A2E1-A2502AB613D3}.Release|Any CPU.ActiveCfg = Release|Any CPU
		{99CDFEB5-7789-4CA8-A2E1-A2502AB613D3}.Release|Any CPU.Build.0 = Release|Any CPU
		{99CDFEB5-7789-4CA8-A2E1-A2502AB613D3}.Release|x64.ActiveCfg = Release|Any CPU
		{99CDFEB5-7789-4CA8-A2E1-A2502AB613D3}.Release|x64.Build.0 = Release|Any CPU
		{99CDFEB5-7789-4CA8-A2E1-A2502AB613D3}.Release|x86.ActiveCfg = Release|Any CPU
		{99CDFEB5-7789-4CA8-A2E1-A2502AB613D3}.Release|x86.Build.0 = Release|Any CPU
		{7A08AE2F-047F-4306-9B44-168F2A826F0C}.Debug|Any CPU.ActiveCfg = Debug|Any CPU
		{7A08AE2F-047F-4306-9B44-168F2A826F0C}.Debug|Any CPU.Build.0 = Debug|Any CPU
		{7A08AE2F-047F-4306-9B44-168F2A826F0C}.Debug|x64.ActiveCfg = Debug|Any CPU
		{7A08AE2F-047F-4306-9B44-168F2A826F0C}.Debug|x64.Build.0 = Debug|Any CPU
		{7A08AE2F-047F-4306-9B44-168F2A826F0C}.Debug|x86.ActiveCfg = Debug|Any CPU
		{7A08AE2F-047F-4306-9B44-168F2A826F0C}.Debug|x86.Build.0 = Debug|Any CPU
		{7A08AE2F-047F-4306-9B44-168F2A826F0C}.Release|Any CPU.ActiveCfg = Release|Any CPU
		{7A08AE2F-047F-4306-9B44-168F2A826F0C}.Release|Any CPU.Build.0 = Release|Any CPU
		{7A08AE2F-047F-4306-9B44-168F2A826F0C}.Release|x64.ActiveCfg = Release|Any CPU
		{7A08AE2F-047F-4306-9B44-168F2A826F0C}.Release|x64.Build.0 = Release|Any CPU
		{7A08AE2F-047F-4306-9B44-168F2A826F0C}.Release|x86.ActiveCfg = Release|Any CPU
		{7A08AE2F-047F-4306-9B44-168F2A826F0C}.Release|x86.Build.0 = Release|Any CPU
		{1182F160-EFFB-4445-8635-2AB52632D09B}.Debug|Any CPU.ActiveCfg = Debug|Any CPU
		{1182F160-EFFB-4445-8635-2AB52632D09B}.Debug|Any CPU.Build.0 = Debug|Any CPU
		{1182F160-EFFB-4445-8635-2AB52632D09B}.Debug|x64.ActiveCfg = Debug|Any CPU
		{1182F160-EFFB-4445-8635-2AB52632D09B}.Debug|x64.Build.0 = Debug|Any CPU
		{1182F160-EFFB-4445-8635-2AB52632D09B}.Debug|x86.ActiveCfg = Debug|Any CPU
		{1182F160-EFFB-4445-8635-2AB52632D09B}.Debug|x86.Build.0 = Debug|Any CPU
		{1182F160-EFFB-4445-8635-2AB52632D09B}.Release|Any CPU.ActiveCfg = Release|Any CPU
		{1182F160-EFFB-4445-8635-2AB52632D09B}.Release|Any CPU.Build.0 = Release|Any CPU
		{1182F160-EFFB-4445-8635-2AB52632D09B}.Release|x64.ActiveCfg = Release|Any CPU
		{1182F160-EFFB-4445-8635-2AB52632D09B}.Release|x64.Build.0 = Release|Any CPU
		{1182F160-EFFB-4445-8635-2AB52632D09B}.Release|x86.ActiveCfg = Release|Any CPU
		{1182F160-EFFB-4445-8635-2AB52632D09B}.Release|x86.Build.0 = Release|Any CPU
		{D4332D7A-43A8-47C4-87F8-D03A4910F325}.Debug|Any CPU.ActiveCfg = Debug|Any CPU
		{D4332D7A-43A8-47C4-87F8-D03A4910F325}.Debug|Any CPU.Build.0 = Debug|Any CPU
		{D4332D7A-43A8-47C4-87F8-D03A4910F325}.Debug|x64.ActiveCfg = Debug|Any CPU
		{D4332D7A-43A8-47C4-87F8-D03A4910F325}.Debug|x64.Build.0 = Debug|Any CPU
		{D4332D7A-43A8-47C4-87F8-D03A4910F325}.Debug|x86.ActiveCfg = Debug|Any CPU
		{D4332D7A-43A8-47C4-87F8-D03A4910F325}.Debug|x86.Build.0 = Debug|Any CPU
		{D4332D7A-43A8-47C4-87F8-D03A4910F325}.Release|Any CPU.ActiveCfg = Release|Any CPU
		{D4332D7A-43A8-47C4-87F8-D03A4910F325}.Release|Any CPU.Build.0 = Release|Any CPU
		{D4332D7A-43A8-47C4-87F8-D03A4910F325}.Release|x64.ActiveCfg = Release|Any CPU
		{D4332D7A-43A8-47C4-87F8-D03A4910F325}.Release|x64.Build.0 = Release|Any CPU
		{D4332D7A-43A8-47C4-87F8-D03A4910F325}.Release|x86.ActiveCfg = Release|Any CPU
		{D4332D7A-43A8-47C4-87F8-D03A4910F325}.Release|x86.Build.0 = Release|Any CPU
		{B2C3D4E5-F6A7-4B8C-9D0E-1F2A3B4C5D6E}.Debug|Any CPU.ActiveCfg = Debug|Any CPU
		{B2C3D4E5-F6A7-4B8C-9D0E-1F2A3B4C5D6E}.Debug|Any CPU.Build.0 = Debug|Any CPU
		{B2C3D4E5-F6A7-4B8C-9D0E-1F2A3B4C5D6E}.Debug|x64.ActiveCfg = Debug|Any CPU
		{B2C3D4E5-F6A7-4B8C-9D0E-1F2A3B4C5D6E}.Debug|x64.Build.0 = Debug|Any CPU
		{B2C3D4E5-F6A7-4B8C-9D0E-1F2A3B4C5D6E}.Debug|x86.ActiveCfg = Debug|Any CPU
		{B2C3D4E5-F6A7-4B8C-9D0E-1F2A3B4C5D6E}.Debug|x86.Build.0 = Debug|Any CPU
		{B2C3D4E5-F6A7-4B8C-9D0E-1F2A3B4C5D6E}.Release|Any CPU.ActiveCfg = Release|Any CPU
		{B2C3D4E5-F6A7-4B8C-9D0E-1F2A3B4C5D6E}.Release|Any CPU.Build.0 = Release|Any CPU
		{B2C3D4E5-F6A7-4B8C-9D0E-1F2A3B4C5D6E}.Release|x64.ActiveCfg = Release|Any CPU
		{B2C3D4E5-F6A7-4B8C-9D0E-1F2A3B4C5D6E}.Release|x64.Build.0 = Release|Any CPU
		{B2C3D4E5-F6A7-4B8C-9D0E-1F2A3B4C5D6E}.Release|x86.ActiveCfg = Release|Any CPU
		{B2C3D4E5-F6A7-4B8C-9D0E-1F2A3B4C5D6E}.Release|x86.Build.0 = Release|Any CPU
		{CEFDBDB2-ACEA-41FA-AE20-563DABFD71A5}.Debug|Any CPU.ActiveCfg = Debug|Any CPU
		{CEFDBDB2-ACEA-41FA-AE20-563DABFD71A5}.Debug|Any CPU.Build.0 = Debug|Any CPU
		{CEFDBDB2-ACEA-41FA-AE20-563DABFD71A5}.Debug|x64.ActiveCfg = Debug|Any CPU
		{CEFDBDB2-ACEA-41FA-AE20-563DABFD71A5}.Debug|x64.Build.0 = Debug|Any CPU
		{CEFDBDB2-ACEA-41FA-AE20-563DABFD71A5}.Debug|x86.ActiveCfg = Debug|Any CPU
		{CEFDBDB2-ACEA-41FA-AE20-563DABFD71A5}.Debug|x86.Build.0 = Debug|Any CPU
		{CEFDBDB2-ACEA-41FA-AE20-563DABFD71A5}.Release|Any CPU.ActiveCfg = Release|Any CPU
		{CEFDBDB2-ACEA-41FA-AE20-563DABFD71A5}.Release|Any CPU.Build.0 = Release|Any CPU
		{CEFDBDB2-ACEA-41FA-AE20-563DABFD71A5}.Release|x64.ActiveCfg = Release|Any CPU
		{CEFDBDB2-ACEA-41FA-AE20-563DABFD71A5}.Release|x64.Build.0 = Release|Any CPU
		{CEFDBDB2-ACEA-41FA-AE20-563DABFD71A5}.Release|x86.ActiveCfg = Release|Any CPU
		{CEFDBDB2-ACEA-41FA-AE20-563DABFD71A5}.Release|x86.Build.0 = Release|Any CPU
		{A2B3C4D5-F6E7-4B8C-9D0E-2F3A4B5C6D7E}.Debug|Any CPU.ActiveCfg = Debug|Any CPU
		{A2B3C4D5-F6E7-4B8C-9D0E-2F3A4B5C6D7E}.Debug|Any CPU.Build.0 = Debug|Any CPU
		{A2B3C4D5-F6E7-4B8C-9D0E-2F3A4B5C6D7E}.Debug|x64.ActiveCfg = Debug|Any CPU
		{A2B3C4D5-F6E7-4B8C-9D0E-2F3A4B5C6D7E}.Debug|x64.Build.0 = Debug|Any CPU
		{A2B3C4D5-F6E7-4B8C-9D0E-2F3A4B5C6D7E}.Debug|x86.ActiveCfg = Debug|Any CPU
		{A2B3C4D5-F6E7-4B8C-9D0E-2F3A4B5C6D7E}.Debug|x86.Build.0 = Debug|Any CPU
		{A2B3C4D5-F6E7-4B8C-9D0E-2F3A4B5C6D7E}.Release|Any CPU.ActiveCfg = Release|Any CPU
		{A2B3C4D5-F6E7-4B8C-9D0E-2F3A4B5C6D7E}.Release|Any CPU.Build.0 = Release|Any CPU
		{A2B3C4D5-F6E7-4B8C-9D0E-2F3A4B5C6D7E}.Release|x64.ActiveCfg = Release|Any CPU
		{A2B3C4D5-F6E7-4B8C-9D0E-2F3A4B5C6D7E}.Release|x64.Build.0 = Release|Any CPU
		{A2B3C4D5-F6E7-4B8C-9D0E-2F3A4B5C6D7E}.Release|x86.ActiveCfg = Release|Any CPU
		{A2B3C4D5-F6E7-4B8C-9D0E-2F3A4B5C6D7E}.Release|x86.Build.0 = Release|Any CPU
		{B3C4D5E6-F7A8-4B9C-0D1E-3F4A5B6C7D8E}.Debug|Any CPU.ActiveCfg = Debug|Any CPU
		{B3C4D5E6-F7A8-4B9C-0D1E-3F4A5B6C7D8E}.Debug|Any CPU.Build.0 = Debug|Any CPU
		{B3C4D5E6-F7A8-4B9C-0D1E-3F4A5B6C7D8E}.Debug|x64.ActiveCfg = Debug|Any CPU
		{B3C4D5E6-F7A8-4B9C-0D1E-3F4A5B6C7D8E}.Debug|x64.Build.0 = Debug|Any CPU
		{B3C4D5E6-F7A8-4B9C-0D1E-3F4A5B6C7D8E}.Debug|x86.ActiveCfg = Debug|Any CPU
		{B3C4D5E6-F7A8-4B9C-0D1E-3F4A5B6C7D8E}.Debug|x86.Build.0 = Debug|Any CPU
		{B3C4D5E6-F7A8-4B9C-0D1E-3F4A5B6C7D8E}.Release|Any CPU.ActiveCfg = Release|Any CPU
		{B3C4D5E6-F7A8-4B9C-0D1E-3F4A5B6C7D8E}.Release|Any CPU.Build.0 = Release|Any CPU
		{B3C4D5E6-F7A8-4B9C-0D1E-3F4A5B6C7D8E}.Release|x64.ActiveCfg = Release|Any CPU
		{B3C4D5E6-F7A8-4B9C-0D1E-3F4A5B6C7D8E}.Release|x64.Build.0 = Release|Any CPU
		{B3C4D5E6-F7A8-4B9C-0D1E-3F4A5B6C7D8E}.Release|x86.ActiveCfg = Release|Any CPU
		{B3C4D5E6-F7A8-4B9C-0D1E-3F4A5B6C7D8E}.Release|x86.Build.0 = Release|Any CPU
		{02194F72-2B74-401D-ACEC-1FAD48EE93E8}.Debug|Any CPU.ActiveCfg = Debug|Any CPU
		{02194F72-2B74-401D-ACEC-1FAD48EE93E8}.Debug|Any CPU.Build.0 = Debug|Any CPU
		{02194F72-2B74-401D-ACEC-1FAD48EE93E8}.Debug|x64.ActiveCfg = Debug|Any CPU
		{02194F72-2B74-401D-ACEC-1FAD48EE93E8}.Debug|x64.Build.0 = Debug|Any CPU
		{02194F72-2B74-401D-ACEC-1FAD48EE93E8}.Debug|x86.ActiveCfg = Debug|Any CPU
		{02194F72-2B74-401D-ACEC-1FAD48EE93E8}.Debug|x86.Build.0 = Debug|Any CPU
		{02194F72-2B74-401D-ACEC-1FAD48EE93E8}.Release|Any CPU.ActiveCfg = Release|Any CPU
		{02194F72-2B74-401D-ACEC-1FAD48EE93E8}.Release|Any CPU.Build.0 = Release|Any CPU
		{02194F72-2B74-401D-ACEC-1FAD48EE93E8}.Release|x64.ActiveCfg = Release|Any CPU
		{02194F72-2B74-401D-ACEC-1FAD48EE93E8}.Release|x64.Build.0 = Release|Any CPU
		{02194F72-2B74-401D-ACEC-1FAD48EE93E8}.Release|x86.ActiveCfg = Release|Any CPU
		{02194F72-2B74-401D-ACEC-1FAD48EE93E8}.Release|x86.Build.0 = Release|Any CPU
		{D1E2F3A4-B5C6-4D7E-8F9A-0B1C2D3E4F5A}.Debug|Any CPU.ActiveCfg = Debug|Any CPU
		{D1E2F3A4-B5C6-4D7E-8F9A-0B1C2D3E4F5A}.Debug|Any CPU.Build.0 = Debug|Any CPU
		{D1E2F3A4-B5C6-4D7E-8F9A-0B1C2D3E4F5A}.Debug|x64.ActiveCfg = Debug|Any CPU
		{D1E2F3A4-B5C6-4D7E-8F9A-0B1C2D3E4F5A}.Debug|x64.Build.0 = Debug|Any CPU
		{D1E2F3A4-B5C6-4D7E-8F9A-0B1C2D3E4F5A}.Debug|x86.ActiveCfg = Debug|Any CPU
		{D1E2F3A4-B5C6-4D7E-8F9A-0B1C2D3E4F5A}.Debug|x86.Build.0 = Debug|Any CPU
		{D1E2F3A4-B5C6-4D7E-8F9A-0B1C2D3E4F5A}.Release|Any CPU.ActiveCfg = Release|Any CPU
		{D1E2F3A4-B5C6-4D7E-8F9A-0B1C2D3E4F5A}.Release|Any CPU.Build.0 = Release|Any CPU
		{D1E2F3A4-B5C6-4D7E-8F9A-0B1C2D3E4F5A}.Release|x64.ActiveCfg = Release|Any CPU
		{D1E2F3A4-B5C6-4D7E-8F9A-0B1C2D3E4F5A}.Release|x64.Build.0 = Release|Any CPU
		{D1E2F3A4-B5C6-4D7E-8F9A-0B1C2D3E4F5A}.Release|x86.ActiveCfg = Release|Any CPU
		{D1E2F3A4-B5C6-4D7E-8F9A-0B1C2D3E4F5A}.Release|x86.Build.0 = Release|Any CPU
		{5FEDB903-169F-43DE-98E3-0FFC63A7D9AF}.Debug|Any CPU.ActiveCfg = Debug|Any CPU
		{5FEDB903-169F-43DE-98E3-0FFC63A7D9AF}.Debug|Any CPU.Build.0 = Debug|Any CPU
		{5FEDB903-169F-43DE-98E3-0FFC63A7D9AF}.Debug|x64.ActiveCfg = Debug|Any CPU
		{5FEDB903-169F-43DE-98E3-0FFC63A7D9AF}.Debug|x64.Build.0 = Debug|Any CPU
		{5FEDB903-169F-43DE-98E3-0FFC63A7D9AF}.Debug|x86.ActiveCfg = Debug|Any CPU
		{5FEDB903-169F-43DE-98E3-0FFC63A7D9AF}.Debug|x86.Build.0 = Debug|Any CPU
		{5FEDB903-169F-43DE-98E3-0FFC63A7D9AF}.Release|Any CPU.ActiveCfg = Release|Any CPU
		{5FEDB903-169F-43DE-98E3-0FFC63A7D9AF}.Release|Any CPU.Build.0 = Release|Any CPU
		{5FEDB903-169F-43DE-98E3-0FFC63A7D9AF}.Release|x64.ActiveCfg = Release|Any CPU
		{5FEDB903-169F-43DE-98E3-0FFC63A7D9AF}.Release|x64.Build.0 = Release|Any CPU
		{5FEDB903-169F-43DE-98E3-0FFC63A7D9AF}.Release|x86.ActiveCfg = Release|Any CPU
		{5FEDB903-169F-43DE-98E3-0FFC63A7D9AF}.Release|x86.Build.0 = Release|Any CPU
		{A61FCC17-CA0E-4414-AE4B-002F90F7F184}.Debug|Any CPU.ActiveCfg = Debug|Any CPU
		{A61FCC17-CA0E-4414-AE4B-002F90F7F184}.Debug|Any CPU.Build.0 = Debug|Any CPU
		{A61FCC17-CA0E-4414-AE4B-002F90F7F184}.Debug|x64.ActiveCfg = Debug|Any CPU
		{A61FCC17-CA0E-4414-AE4B-002F90F7F184}.Debug|x64.Build.0 = Debug|Any CPU
		{A61FCC17-CA0E-4414-AE4B-002F90F7F184}.Debug|x86.ActiveCfg = Debug|Any CPU
		{A61FCC17-CA0E-4414-AE4B-002F90F7F184}.Debug|x86.Build.0 = Debug|Any CPU
		{A61FCC17-CA0E-4414-AE4B-002F90F7F184}.Release|Any CPU.ActiveCfg = Release|Any CPU
		{A61FCC17-CA0E-4414-AE4B-002F90F7F184}.Release|Any CPU.Build.0 = Release|Any CPU
		{A61FCC17-CA0E-4414-AE4B-002F90F7F184}.Release|x64.ActiveCfg = Release|Any CPU
		{A61FCC17-CA0E-4414-AE4B-002F90F7F184}.Release|x64.Build.0 = Release|Any CPU
		{A61FCC17-CA0E-4414-AE4B-002F90F7F184}.Release|x86.ActiveCfg = Release|Any CPU
		{A61FCC17-CA0E-4414-AE4B-002F90F7F184}.Release|x86.Build.0 = Release|Any CPU
		{6C974535-ACED-4755-AEA6-50014645F928}.Debug|Any CPU.ActiveCfg = Debug|Any CPU
		{6C974535-ACED-4755-AEA6-50014645F928}.Debug|Any CPU.Build.0 = Debug|Any CPU
		{6C974535-ACED-4755-AEA6-50014645F928}.Debug|x64.ActiveCfg = Debug|Any CPU
		{6C974535-ACED-4755-AEA6-50014645F928}.Debug|x64.Build.0 = Debug|Any CPU
		{6C974535-ACED-4755-AEA6-50014645F928}.Debug|x86.ActiveCfg = Debug|Any CPU
		{6C974535-ACED-4755-AEA6-50014645F928}.Debug|x86.Build.0 = Debug|Any CPU
		{6C974535-ACED-4755-AEA6-50014645F928}.Release|Any CPU.ActiveCfg = Release|Any CPU
		{6C974535-ACED-4755-AEA6-50014645F928}.Release|Any CPU.Build.0 = Release|Any CPU
		{6C974535-ACED-4755-AEA6-50014645F928}.Release|x64.ActiveCfg = Release|Any CPU
		{6C974535-ACED-4755-AEA6-50014645F928}.Release|x64.Build.0 = Release|Any CPU
		{6C974535-ACED-4755-AEA6-50014645F928}.Release|x86.ActiveCfg = Release|Any CPU
		{6C974535-ACED-4755-AEA6-50014645F928}.Release|x86.Build.0 = Release|Any CPU
	EndGlobalSection
	GlobalSection(SolutionProperties) = preSolution
		HideSolutionNode = FALSE
	EndGlobalSection
	GlobalSection(NestedProjects) = preSolution
		{6C974535-ACED-4755-AEA6-50014645F928} = {FF849AB8-1A80-3BF4-B6E8-CC61916D18DE}
	EndGlobalSection
EndGlobal
